PODS:
  - SQLite.swift (0.13.0):
    - SQLite.swift/standard (= 0.13.0)
  - SQLite.swift/standard (0.13.0)

DEPENDENCIES:
  - SQLite.swift (~> 0.13.0)

SPEC REPOS:
  trunk:
    - SQLite.swift

SPEC CHECKSUMS:
  SQLite.swift: 8add701609fd0ef78d097dcc75d20a9782e6f5fc

PODFILE CHECKSUM: 1755bf5b49131b19d9fe7a851749ca7f9bf46079

COCOAPODS: 1.10.2
